
Microsoft Visual Studio Solution File, Format Version 12.00
# Visual Studio Version 16
VisualStudioVersion = 16.0.30114.105
MinimumVisualStudioVersion = 10.0.40219.1
Project("{2150E333-8FDC-42A3-9474-1A3956D46DE8}") = "BLL", "BLL", "{1F5D9B38-26E9-4AA7-9204-EBD3DB569CF0}"
EndProject
Project("{2150E333-8FDC-42A3-9474-1A3956D46DE8}") = "PL", "PL", "{2C4AB151-28A6-49F7-843E-A8EB52ACF72A}"
EndProject
Project("{2150E333-8FDC-42A3-9474-1A3956D46DE8}") = "DAL", "DAL", "{7AFC080E-EE0B-4BC7-A19B-D2824C6C0FD3}"
EndProject
Project("{2150E333-8FDC-42A3-9474-1A3956D46DE8}") = "Common", "Common", "{FF052FAE-4FFD-431F-9B6E-3A3143A6B863}"
EndProject
Project("{FAE04EC0-301F-11D3-BF4B-00C04F79EFBC}") = "LibraryBooks.DAL.SQL", "LibraryBooks.DAL.SQL\LibraryBooks.DAL.SQL.csproj", "{C0CBCD9C-B2C6-4237-89E0-EF1DD27FB267}"
EndProject
Project("{FAE04EC0-301F-11D3-BF4B-00C04F79EFBC}") = "LibraryBooks.DAL.Interfaces", "LibraryBooks.DAL.Interfaces\LibraryBooks.DAL.Interfaces.csproj", "{8AA494A9-A745-423F-B3D1-EE84216E831F}"
EndProject
Project("{FAE04EC0-301F-11D3-BF4B-00C04F79EFBC}") = "LibraryBooks.BLL.Interfaces", "LibraryBooks.BLL.Interfaces\LibraryBooks.BLL.Interfaces.csproj", "{528A2356-696D-4423-AF0A-DE6056A2262D}"
EndProject
Project("{FAE04EC0-301F-11D3-BF4B-00C04F79EFBC}") = "LibraryBooks.BLL.BLL", "LibraryBooks.BLL.BLL\LibraryBooks.BLL.BLL.csproj", "{D8C260EA-7D6A-4D74-A005-491F0DED4C18}"
EndProject
Project("{FAE04EC0-301F-11D3-BF4B-00C04F79EFBC}") = "LibraryBooks.Entities", "LibraryBooks.Common.Entities\LibraryBooks.Entities.csproj", "{65BDECF1-2562-44B4-A320-A9A80C8FEA89}"
EndProject
Project("{FAE04EC0-301F-11D3-BF4B-00C04F79EFBC}") = "LibraryBooks.Helpers", "LibraryBooks.Helpers\LibraryBooks.Helpers.csproj", "{4279DCC8-DECF-4CE3-A516-46C99B0A1742}"
EndProject
Project("{FAE04EC0-301F-11D3-BF4B-00C04F79EFBC}") = "LibraryBooks.Dependencies", "LibraryBooks.Dependencies\LibraryBooks.Dependencies.csproj", "{F7047D53-4249-4987-8CC9-974EBCEF3D08}"
EndProject
Project("{FAE04EC0-301F-11D3-BF4B-00C04F79EFBC}") = "LibraryBooks.PL.WebPages", "LibraryBooks.PL.WebPages\LibraryBooks.PL.WebPages.csproj", "{4748D143-C524-472D-86DA-220E1DCC2FED}"
EndProject
Global
	GlobalSection(SolutionConfigurationPlatforms) = preSolution
		Debug|Any CPU = Debug|Any CPU
		Debug|x64 = Debug|x64
		Debug|x86 = Debug|x86
		Release|Any CPU = Release|Any CPU
		Release|x64 = Release|x64
		Release|x86 = Release|x86
	EndGlobalSection
	GlobalSection(ProjectConfigurationPlatforms) = postSolution
		{C0CBCD9C-B2C6-4237-89E0-EF1DD27FB267}.Debug|Any CPU.ActiveCfg = Debug|Any CPU
		{C0CBCD9C-B2C6-4237-89E0-EF1DD27FB267}.Debug|Any CPU.Build.0 = Debug|Any CPU
		{C0CBCD9C-B2C6-4237-89E0-EF1DD27FB267}.Debug|x64.ActiveCfg = Debug|Any CPU
		{C0CBCD9C-B2C6-4237-89E0-EF1DD27FB267}.Debug|x64.Build.0 = Debug|Any CPU
		{C0CBCD9C-B2C6-4237-89E0-EF1DD27FB267}.Debug|x86.ActiveCfg = Debug|Any CPU
		{C0CBCD9C-B2C6-4237-89E0-EF1DD27FB267}.Debug|x86.Build.0 = Debug|Any CPU
		{C0CBCD9C-B2C6-4237-89E0-EF1DD27FB267}.Release|Any CPU.ActiveCfg = Release|Any CPU
		{C0CBCD9C-B2C6-4237-89E0-EF1DD27FB267}.Release|Any CPU.Build.0 = Release|Any CPU
		{C0CBCD9C-B2C6-4237-89E0-EF1DD27FB267}.Release|x64.ActiveCfg = Release|Any CPU
		{C0CBCD9C-B2C6-4237-89E0-EF1DD27FB267}.Release|x64.Build.0 = Release|Any CPU
		{C0CBCD9C-B2C6-4237-89E0-EF1DD27FB267}.Release|x86.ActiveCfg = Release|Any CPU
		{C0CBCD9C-B2C6-4237-89E0-EF1DD27FB267}.Release|x86.Build.0 = Release|Any CPU
		{8AA494A9-A745-423F-B3D1-EE84216E831F}.Debug|Any CPU.ActiveCfg = Debug|Any CPU
		{8AA494A9-A745-423F-B3D1-EE84216E831F}.Debug|Any CPU.Build.0 = Debug|Any CPU
		{8AA494A9-A745-423F-B3D1-EE84216E831F}.Debug|x64.ActiveCfg = Debug|Any CPU
		{8AA494A9-A745-423F-B3D1-EE84216E831F}.Debug|x64.Build.0 = Debug|Any CPU
		{8AA494A9-A745-423F-B3D1-EE84216E831F}.Debug|x86.ActiveCfg = Debug|Any CPU
		{8AA494A9-A745-423F-B3D1-EE84216E831F}.Debug|x86.Build.0 = Debug|Any CPU
		{8AA494A9-A745-423F-B3D1-EE84216E831F}.Release|Any CPU.ActiveCfg = Release|Any CPU
		{8AA494A9-A745-423F-B3D1-EE84216E831F}.Release|Any CPU.Build.0 = Release|Any CPU
		{8AA494A9-A745-423F-B3D1-EE84216E831F}.Release|x64.ActiveCfg = Release|Any CPU
		{8AA494A9-A745-423F-B3D1-EE84216E831F}.Release|x64.Build.0 = Release|Any CPU
		{8AA494A9-A745-423F-B3D1-EE84216E831F}.Release|x86.ActiveCfg = Release|Any CPU
		{8AA494A9-A745-423F-B3D1-EE84216E831F}.Release|x86.Build.0 = Release|Any CPU
		{528A2356-696D-4423-AF0A-DE6056A2262D}.Debug|Any CPU.ActiveCfg = Debug|Any CPU
		{528A2356-696D-4423-AF0A-DE6056A2262D}.Debug|Any CPU.Build.0 = Debug|Any CPU
		{528A2356-696D-4423-AF0A-DE6056A2262D}.Debug|x64.ActiveCfg = Debug|Any CPU
		{528A2356-696D-4423-AF0A-DE6056A2262D}.Debug|x64.Build.0 = Debug|Any CPU
		{528A2356-696D-4423-AF0A-DE6056A2262D}.Debug|x86.ActiveCfg = Debug|Any CPU
		{528A2356-696D-4423-AF0A-DE6056A2262D}.Debug|x86.Build.0 = Debug|Any CPU
		{528A2356-696D-4423-AF0A-DE6056A2262D}.Release|Any CPU.ActiveCfg = Release|Any CPU
		{528A2356-696D-4423-AF0A-DE6056A2262D}.Release|Any CPU.Build.0 = Release|Any CPU
		{528A2356-696D-4423-AF0A-DE6056A2262D}.Release|x64.ActiveCfg = Release|Any CPU
		{528A2356-696D-4423-AF0A-DE6056A2262D}.Release|x64.Build.0 = Release|Any CPU
		{528A2356-696D-4423-AF0A-DE6056A2262D}.Release|x86.ActiveCfg = Release|Any CPU
		{528A2356-696D-4423-AF0A-DE6056A2262D}.Release|x86.Build.0 = Release|Any CPU
		{D8C260EA-7D6A-4D74-A005-491F0DED4C18}.Debug|Any CPU.ActiveCfg = Debug|Any CPU
		{D8C260EA-7D6A-4D74-A005-491F0DED4C18}.Debug|Any CPU.Build.0 = Debug|Any CPU
		{D8C260EA-7D6A-4D74-A005-491F0DED4C18}.Debug|x64.ActiveCfg = Debug|Any CPU
		{D8C260EA-7D6A-4D74-A005-491F0DED4C18}.Debug|x64.Build.0 = Debug|Any CPU
		{D8C260EA-7D6A-4D74-A005-491F0DED4C18}.Debug|x86.ActiveCfg = Debug|Any CPU
		{D8C260EA-7D6A-4D74-A005-491F0DED4C18}.Debug|x86.Build.0 = Debug|Any CPU
		{D8C260EA-7D6A-4D74-A005-491F0DED4C18}.Release|Any CPU.ActiveCfg = Release|Any CPU
		{D8C260EA-7D6A-4D74-A005-491F0DED4C18}.Release|Any CPU.Build.0 = Release|Any CPU
		{D8C260EA-7D6A-4D74-A005-491F0DED4C18}.Release|x64.ActiveCfg = Release|Any CPU
		{D8C260EA-7D6A-4D74-A005-491F0DED4C18}.Release|x64.Build.0 = Release|Any CPU
		{D8C260EA-7D6A-4D74-A005-491F0DED4C18}.Release|x86.ActiveCfg = Release|Any CPU
		{D8C260EA-7D6A-4D74-A005-491F0DED4C18}.Release|x86.Build.0 = Release|Any CPU
		{65BDECF1-2562-44B4-A320-A9A80C8FEA89}.Debug|Any CPU.ActiveCfg = Debug|Any CPU
		{65BDECF1-2562-44B4-A320-A9A80C8FEA89}.Debug|Any CPU.Build.0 = Debug|Any CPU
		{65BDECF1-2562-44B4-A320-A9A80C8FEA89}.Debug|x64.ActiveCfg = Debug|Any CPU
		{65BDECF1-2562-44B4-A320-A9A80C8FEA89}.Debug|x64.Build.0 = Debug|Any CPU
		{65BDECF1-2562-44B4-A320-A9A80C8FEA89}.Debug|x86.ActiveCfg = Debug|Any CPU
		{65BDECF1-2562-44B4-A320-A9A80C8FEA89}.Debug|x86.Build.0 = Debug|Any CPU
		{65BDECF1-2562-44B4-A320-A9A80C8FEA89}.Release|Any CPU.ActiveCfg = Release|Any CPU
		{65BDECF1-2562-44B4-A320-A9A80C8FEA89}.Release|Any CPU.Build.0 = Release|Any CPU
		{65BDECF1-2562-44B4-A320-A9A80C8FEA89}.Release|x64.ActiveCfg = Release|Any CPU
		{65BDECF1-2562-44B4-A320-A9A80C8FEA89}.Release|x64.Build.0 = Release|Any CPU
		{65BDECF1-2562-44B4-A320-A9A80C8FEA89}.Release|x86.ActiveCfg = Release|Any CPU
		{65BDECF1-2562-44B4-A320-A9A80C8FEA89}.Release|x86.Build.0 = Release|Any CPU
		{4279DCC8-DECF-4CE3-A516-46C99B0A1742}.Debug|Any CPU.ActiveCfg = Debug|Any CPU
		{4279DCC8-DECF-4CE3-A516-46C99B0A1742}.Debug|Any CPU.Build.0 = Debug|Any CPU
		{4279DCC8-DECF-4CE3-A516-46C99B0A1742}.Debug|x64.ActiveCfg = Debug|Any CPU
		{4279DCC8-DECF-4CE3-A516-46C99B0A1742}.Debug|x64.Build.0 = Debug|Any CPU
		{4279DCC8-DECF-4CE3-A516-46C99B0A1742}.Debug|x86.ActiveCfg = Debug|Any CPU
		{4279DCC8-DECF-4CE3-A516-46C99B0A1742}.Debug|x86.Build.0 = Debug|Any CPU
		{4279DCC8-DECF-4CE3-A516-46C99B0A1742}.Release|Any CPU.ActiveCfg = Release|Any CPU
		{4279DCC8-DECF-4CE3-A516-46C99B0A1742}.Release|Any CPU.Build.0 = Release|Any CPU
		{4279DCC8-DECF-4CE3-A516-46C99B0A1742}.Release|x64.ActiveCfg = Release|Any CPU
		{4279DCC8-DECF-4CE3-A516-46C99B0A1742}.Release|x64.Build.0 = Release|Any CPU
		{4279DCC8-DECF-4CE3-A516-46C99B0A1742}.Release|x86.ActiveCfg = Release|Any CPU
		{4279DCC8-DECF-4CE3-A516-46C99B0A1742}.Release|x86.Build.0 = Release|Any CPU
		{F7047D53-4249-4987-8CC9-974EBCEF3D08}.Debug|Any CPU.ActiveCfg = Debug|Any CPU
		{F7047D53-4249-4987-8CC9-974EBCEF3D08}.Debug|Any CPU.Build.0 = Debug|Any CPU
		{F7047D53-4249-4987-8CC9-974EBCEF3D08}.Debug|x64.ActiveCfg = Debug|Any CPU
		{F7047D53-4249-4987-8CC9-974EBCEF3D08}.Debug|x64.Build.0 = Debug|Any CPU
		{F7047D53-4249-4987-8CC9-974EBCEF3D08}.Debug|x86.ActiveCfg = Debug|Any CPU
		{F7047D53-4249-4987-8CC9-974EBCEF3D08}.Debug|x86.Build.0 = Debug|Any CPU
		{F7047D53-4249-4987-8CC9-974EBCEF3D08}.Release|Any CPU.ActiveCfg = Release|Any CPU
		{F7047D53-4249-4987-8CC9-974EBCEF3D08}.Release|Any CPU.Build.0 = Release|Any CPU
		{F7047D53-4249-4987-8CC9-974EBCEF3D08}.Release|x64.ActiveCfg = Release|Any CPU
		{F7047D53-4249-4987-8CC9-974EBCEF3D08}.Release|x64.Build.0 = Release|Any CPU
		{F7047D53-4249-4987-8CC9-974EBCEF3D08}.Release|x86.ActiveCfg = Release|Any CPU
		{F7047D53-4249-4987-8CC9-974EBCEF3D08}.Release|x86.Build.0 = Release|Any CPU
		{4748D143-C524-472D-86DA-220E1DCC2FED}.Debug|Any CPU.ActiveCfg = Debug|Any CPU
		{4748D143-C524-472D-86DA-220E1DCC2FED}.Debug|Any CPU.Build.0 = Debug|Any CPU
		{4748D143-C524-472D-86DA-220E1DCC2FED}.Debug|x64.ActiveCfg = Debug|Any CPU
		{4748D143-C524-472D-86DA-220E1DCC2FED}.Debug|x64.Build.0 = Debug|Any CPU
		{4748D143-C524-472D-86DA-220E1DCC2FED}.Debug|x86.ActiveCfg = Debug|Any CPU
		{4748D143-C524-472D-86DA-220E1DCC2FED}.Debug|x86.Build.0 = Debug|Any CPU
		{4748D143-C524-472D-86DA-220E1DCC2FED}.Release|Any CPU.ActiveCfg = Release|Any CPU
		{4748D143-C524-472D-86DA-220E1DCC2FED}.Release|Any CPU.Build.0 = Release|Any CPU
		{4748D143-C524-472D-86DA-220E1DCC2FED}.Release|x64.ActiveCfg = Release|Any CPU
		{4748D143-C524-472D-86DA-220E1DCC2FED}.Release|x64.Build.0 = Release|Any CPU
		{4748D143-C524-472D-86DA-220E1DCC2FED}.Release|x86.ActiveCfg = Release|Any CPU
		{4748D143-C524-472D-86DA-220E1DCC2FED}.Release|x86.Build.0 = Release|Any CPU
	EndGlobalSection
	GlobalSection(SolutionProperties) = preSolution
		HideSolutionNode = FALSE
	EndGlobalSection
	GlobalSection(NestedProjects) = preSolution
		{C0CBCD9C-B2C6-4237-89E0-EF1DD27FB267} = {7AFC080E-EE0B-4BC7-A19B-D2824C6C0FD3}
		{8AA494A9-A745-423F-B3D1-EE84216E831F} = {7AFC080E-EE0B-4BC7-A19B-D2824C6C0FD3}
		{528A2356-696D-4423-AF0A-DE6056A2262D} = {1F5D9B38-26E9-4AA7-9204-EBD3DB569CF0}
		{D8C260EA-7D6A-4D74-A005-491F0DED4C18} = {1F5D9B38-26E9-4AA7-9204-EBD3DB569CF0}
		{65BDECF1-2562-44B4-A320-A9A80C8FEA89} = {FF052FAE-4FFD-431F-9B6E-3A3143A6B863}
		{4279DCC8-DECF-4CE3-A516-46C99B0A1742} = {FF052FAE-4FFD-431F-9B6E-3A3143A6B863}
		{F7047D53-4249-4987-8CC9-974EBCEF3D08} = {FF052FAE-4FFD-431F-9B6E-3A3143A6B863}
		{4748D143-C524-472D-86DA-220E1DCC2FED} = {2C4AB151-28A6-49F7-843E-A8EB52ACF72A}
	EndGlobalSection
	GlobalSection(ExtensibilityGlobals) = postSolution
		SolutionGuid = {1DFEE4E5-10CA-4E7F-98B1-4CD384285F0B}
	EndGlobalSection
EndGlobal
